
Microsoft Visual Studio Solution File, Format Version 12.00
# Visual Studio 14
VisualStudioVersion = 14.0.25123.0
MinimumVisualStudioVersion = 10.0.40219.1
Project("{FAE04EC0-301F-11D3-BF4B-00C04F79EFBC}") = "ReferencesAnalyzer.Vsix", "ReferencesAnalyzer\ReferencesAnalyzer.Vsix\ReferencesAnalyzer.Vsix.csproj", "{051F1D13-9CF3-4846-B41E-40FD45C78261}"
EndProject
Project("{FAE04EC0-301F-11D3-BF4B-00C04F79EFBC}") = "ReferencesAnalyzer.VisualStudio", "ReferencesAnalyzer.VisualStudio\ReferencesAnalyzer.VisualStudio.csproj", "{FDB93637-6207-4608-B6AC-17C9679915C2}"
EndProject
Global
	GlobalSection(SolutionConfigurationPlatforms) = preSolution
		Debug|Any CPU = Debug|Any CPU
		Release|Any CPU = Release|Any CPU
	EndGlobalSection
	GlobalSection(ProjectConfigurationPlatforms) = postSolution
		{051F1D13-9CF3-4846-B41E-40FD45C78261}.Debug|Any CPU.ActiveCfg = Debug|Any CPU
		{051F1D13-9CF3-4846-B41E-40FD45C78261}.Debug|Any CPU.Build.0 = Debug|Any CPU
		{051F1D13-9CF3-4846-B41E-40FD45C78261}.Release|Any CPU.ActiveCfg = Release|Any CPU
		{051F1D13-9CF3-4846-B41E-40FD45C78261}.Release|Any CPU.Build.0 = Release|Any CPU
		{FDB93637-6207-4608-B6AC-17C9679915C2}.Debug|Any CPU.ActiveCfg = Debug|Any CPU
		{FDB93637-6207-4608-B6AC-17C9679915C2}.Debug|Any CPU.Build.0 = Debug|Any CPU
		{FDB93637-6207-4608-B6AC-17C9679915C2}.Release|Any CPU.ActiveCfg = Release|Any CPU
		{FDB93637-6207-4608-B6AC-17C9679915C2}.Release|Any CPU.Build.0 = Release|Any CPU
	EndGlobalSection
	GlobalSection(SolutionProperties) = preSolution
		HideSolutionNode = FALSE
	EndGlobalSection
EndGlobal
